
Microsoft Visual Studio Solution File, Format Version 12.00
# Visual Studio Version 16
VisualStudioVersion = 16.0.31702.278
MinimumVisualStudioVersion = 10.0.40219.1
Project("{FAE04EC0-301F-11D3-BF4B-00C04F79EFBC}") = "Lab01_01", "Lab01_01\Lab01_01.csproj", "{EB20ADED-75A4-4C46-AEE8-837CA7F3C606}"
EndProject
Project("{FAE04EC0-301F-11D3-BF4B-00C04F79EFBC}") = "Lab02", "Lab02\Lab02.csproj", "{563C1A65-486D-43ED-A999-61C81AB8D8C0}"
EndProject
Project("{FAE04EC0-301F-11D3-BF4B-00C04F79EFBC}") = "Lab03", "Lab03\Lab03.csproj", "{55D00CDB-C057-499E-80CF-8ED4DD458B06}"
EndProject
Project("{FAE04EC0-301F-11D3-BF4B-00C04F79EFBC}") = "Lab04", "Lab04\Lab04.csproj", "{265B5D5E-A0C3-46E1-BC39-C15821AE574F}"
EndProject
Project("{FAE04EC0-301F-11D3-BF4B-00C04F79EFBC}") = "Lab05", "Lab05\Lab05.csproj", "{A292D3B4-51AF-4A6D-BDB0-A3A7582E6062}"
EndProject
Project("{FAE04EC0-301F-11D3-BF4B-00C04F79EFBC}") = "Lab06", "Lab06\Lab06.csproj", "{DE243EF8-4CEA-48E5-90D7-384643D2C58C}"
EndProject
Project("{FAE04EC0-301F-11D3-BF4B-00C04F79EFBC}") = "Lab07", "Lab07\Lab07.csproj", "{EC497A51-C3E5-4CD6-A509-5502F034EC08}"
EndProject
Project("{FAE04EC0-301F-11D3-BF4B-00C04F79EFBC}") = "Lab08", "Lab08\Lab08.csproj", "{EDA84F53-F2FA-4834-BB30-5A33F6122710}"
EndProject
Global
	GlobalSection(SolutionConfigurationPlatforms) = preSolution
		Debug|Any CPU = Debug|Any CPU
		Debug|x64 = Debug|x64
		Debug|x86 = Debug|x86
		Release|Any CPU = Release|Any CPU
		Release|x64 = Release|x64
		Release|x86 = Release|x86
	EndGlobalSection
	GlobalSection(ProjectConfigurationPlatforms) = postSolution
		{EB20ADED-75A4-4C46-AEE8-837CA7F3C606}.Debug|Any CPU.ActiveCfg = Debug|Any CPU
		{EB20ADED-75A4-4C46-AEE8-837CA7F3C606}.Debug|Any CPU.Build.0 = Debug|Any CPU
		{EB20ADED-75A4-4C46-AEE8-837CA7F3C606}.Debug|x64.ActiveCfg = Debug|Any CPU
		{EB20ADED-75A4-4C46-AEE8-837CA7F3C606}.Debug|x64.Build.0 = Debug|Any CPU
		{EB20ADED-75A4-4C46-AEE8-837CA7F3C606}.Debug|x86.ActiveCfg = Debug|Any CPU
		{EB20ADED-75A4-4C46-AEE8-837CA7F3C606}.Debug|x86.Build.0 = Debug|Any CPU
		{EB20ADED-75A4-4C46-AEE8-837CA7F3C606}.Release|Any CPU.ActiveCfg = Release|Any CPU
		{EB20ADED-75A4-4C46-AEE8-837CA7F3C606}.Release|Any CPU.Build.0 = Release|Any CPU
		{EB20ADED-75A4-4C46-AEE8-837CA7F3C606}.Release|x64.ActiveCfg = Release|Any CPU
		{EB20ADED-75A4-4C46-AEE8-837CA7F3C606}.Release|x64.Build.0 = Release|Any CPU
		{EB20ADED-75A4-4C46-AEE8-837CA7F3C606}.Release|x86.ActiveCfg = Release|Any CPU
		{EB20ADED-75A4-4C46-AEE8-837CA7F3C606}.Release|x86.Build.0 = Release|Any CPU
		{563C1A65-486D-43ED-A999-61C81AB8D8C0}.Debug|Any CPU.ActiveCfg = Debug|Any CPU
		{563C1A65-486D-43ED-A999-61C81AB8D8C0}.Debug|Any CPU.Build.0 = Debug|Any CPU
		{563C1A65-486D-43ED-A999-61C81AB8D8C0}.Debug|x64.ActiveCfg = Debug|Any CPU
		{563C1A65-486D-43ED-A999-61C81AB8D8C0}.Debug|x64.Build.0 = Debug|Any CPU
		{563C1A65-486D-43ED-A999-61C81AB8D8C0}.Debug|x86.ActiveCfg = Debug|Any CPU
		{563C1A65-486D-43ED-A999-61C81AB8D8C0}.Debug|x86.Build.0 = Debug|Any CPU
		{563C1A65-486D-43ED-A999-61C81AB8D8C0}.Release|Any CPU.ActiveCfg = Release|Any CPU
		{563C1A65-486D-43ED-A999-61C81AB8D8C0}.Release|Any CPU.Build.0 = Release|Any CPU
		{563C1A65-486D-43ED-A999-61C81AB8D8C0}.Release|x64.ActiveCfg = Release|Any CPU
		{563C1A65-486D-43ED-A999-61C81AB8D8C0}.Release|x64.Build.0 = Release|Any CPU
		{563C1A65-486D-43ED-A999-61C81AB8D8C0}.Release|x86.ActiveCfg = Release|Any CPU
		{563C1A65-486D-43ED-A999-61C81AB8D8C0}.Release|x86.Build.0 = Release|Any CPU
		{55D00CDB-C057-499E-80CF-8ED4DD458B06}.Debug|Any CPU.ActiveCfg = Debug|Any CPU
		{55D00CDB-C057-499E-80CF-8ED4DD458B06}.Debug|Any CPU.Build.0 = Debug|Any CPU
		{55D00CDB-C057-499E-80CF-8ED4DD458B06}.Debug|x64.ActiveCfg = Debug|Any CPU
		{55D00CDB-C057-499E-80CF-8ED4DD458B06}.Debug|x64.Build.0 = Debug|Any CPU
		{55D00CDB-C057-499E-80CF-8ED4DD458B06}.Debug|x86.ActiveCfg = Debug|Any CPU
		{55D00CDB-C057-499E-80CF-8ED4DD458B06}.Debug|x86.Build.0 = Debug|Any CPU
		{55D00CDB-C057-499E-80CF-8ED4DD458B06}.Release|Any CPU.ActiveCfg = Release|Any CPU
		{55D00CDB-C057-499E-80CF-8ED4DD458B06}.Release|Any CPU.Build.0 = Release|Any CPU
		{55D00CDB-C057-499E-80CF-8ED4DD458B06}.Release|x64.ActiveCfg = Release|Any CPU
		{55D00CDB-C057-499E-80CF-8ED4DD458B06}.Release|x64.Build.0 = Release|Any CPU
		{55D00CDB-C057-499E-80CF-8ED4DD458B06}.Release|x86.ActiveCfg = Release|Any CPU
		{55D00CDB-C057-499E-80CF-8ED4DD458B06}.Release|x86.Build.0 = Release|Any CPU
		{265B5D5E-A0C3-46E1-BC39-C15821AE574F}.Debug|Any CPU.ActiveCfg = Debug|Any CPU
		{265B5D5E-A0C3-46E1-BC39-C15821AE574F}.Debug|Any CPU.Build.0 = Debug|Any CPU
		{265B5D5E-A0C3-46E1-BC39-C15821AE574F}.Debug|x64.ActiveCfg = Debug|Any CPU
		{265B5D5E-A0C3-46E1-BC39-C15821AE574F}.Debug|x64.Build.0 = Debug|Any CPU
		{265B5D5E-A0C3-46E1-BC39-C15821AE574F}.Debug|x86.ActiveCfg = Debug|Any CPU
		{265B5D5E-A0C3-46E1-BC39-C15821AE574F}.Debug|x86.Build.0 = Debug|Any CPU
		{265B5D5E-A0C3-46E1-BC39-C15821AE574F}.Release|Any CPU.ActiveCfg = Release|Any CPU
		{265B5D5E-A0C3-46E1-BC39-C15821AE574F}.Release|Any CPU.Build.0 = Release|Any CPU
		{265B5D5E-A0C3-46E1-BC39-C15821AE574F}.Release|x64.ActiveCfg = Release|Any CPU
		{265B5D5E-A0C3-46E1-BC39-C15821AE574F}.Release|x64.Build.0 = Release|Any CPU
		{265B5D5E-A0C3-46E1-BC39-C15821AE574F}.Release|x86.ActiveCfg = Release|Any CPU
		{265B5D5E-A0C3-46E1-BC39-C15821AE574F}.Release|x86.Build.0 = Release|Any CPU
		{A292D3B4-51AF-4A6D-BDB0-A3A7582E6062}.Debug|Any CPU.ActiveCfg = Debug|Any CPU
		{A292D3B4-51AF-4A6D-BDB0-A3A7582E6062}.Debug|Any CPU.Build.0 = Debug|Any CPU
		{A292D3B4-51AF-4A6D-BDB0-A3A7582E6062}.Debug|x64.ActiveCfg = Debug|Any CPU
		{A292D3B4-51AF-4A6D-BDB0-A3A7582E6062}.Debug|x64.Build.0 = Debug|Any CPU
		{A292D3B4-51AF-4A6D-BDB0-A3A7582E6062}.Debug|x86.ActiveCfg = Debug|Any CPU
		{A292D3B4-51AF-4A6D-BDB0-A3A7582E6062}.Debug|x86.Build.0 = Debug|Any CPU
		{A292D3B4-51AF-4A6D-BDB0-A3A7582E6062}.Release|Any CPU.ActiveCfg = Release|Any CPU
		{A292D3B4-51AF-4A6D-BDB0-A3A7582E6062}.Release|Any CPU.Build.0 = Release|Any CPU
		{A292D3B4-51AF-4A6D-BDB0-A3A7582E6062}.Release|x64.ActiveCfg = Release|Any CPU
		{A292D3B4-51AF-4A6D-BDB0-A3A7582E6062}.Release|x64.Build.0 = Release|Any CPU
		{A292D3B4-51AF-4A6D-BDB0-A3A7582E6062}.Release|x86.ActiveCfg = Release|Any CPU
		{A292D3B4-51AF-4A6D-BDB0-A3A7582E6062}.Release|x86.Build.0 = Release|Any CPU
		{DE243EF8-4CEA-48E5-90D7-384643D2C58C}.Debug|Any CPU.ActiveCfg = Debug|Any CPU
		{DE243EF8-4CEA-48E5-90D7-384643D2C58C}.Debug|Any CPU.Build.0 = Debug|Any CPU
		{DE243EF8-4CEA-48E5-90D7-384643D2C58C}.Debug|x64.ActiveCfg = Debug|Any CPU
		{DE243EF8-4CEA-48E5-90D7-384643D2C58C}.Debug|x64.Build.0 = Debug|Any CPU
		{DE243EF8-4CEA-48E5-90D7-384643D2C58C}.Debug|x86.ActiveCfg = Debug|Any CPU
		{DE243EF8-4CEA-48E5-90D7-384643D2C58C}.Debug|x86.Build.0 = Debug|Any CPU
		{DE243EF8-4CEA-48E5-90D7-384643D2C58C}.Release|Any CPU.ActiveCfg = Release|Any CPU
		{DE243EF8-4CEA-48E5-90D7-384643D2C58C}.Release|Any CPU.Build.0 = Release|Any CPU
		{DE243EF8-4CEA-48E5-90D7-384643D2C58C}.Release|x64.ActiveCfg = Release|Any CPU
		{DE243EF8-4CEA-48E5-90D7-384643D2C58C}.Release|x64.Build.0 = Release|Any CPU
		{DE243EF8-4CEA-48E5-90D7-384643D2C58C}.Release|x86.ActiveCfg = Release|Any CPU
		{DE243EF8-4CEA-48E5-90D7-384643D2C58C}.Release|x86.Build.0 = Release|Any CPU
		{EC497A51-C3E5-4CD6-A509-5502F034EC08}.Debug|Any CPU.ActiveCfg = Debug|Any CPU
		{EC497A51-C3E5-4CD6-A509-5502F034EC08}.Debug|Any CPU.Build.0 = Debug|Any CPU
		{EC497A51-C3E5-4CD6-A509-5502F034EC08}.Debug|x64.ActiveCfg = Debug|Any CPU
		{EC497A51-C3E5-4CD6-A509-5502F034EC08}.Debug|x64.Build.0 = Debug|Any CPU
		{EC497A51-C3E5-4CD6-A509-5502F034EC08}.Debug|x86.ActiveCfg = Debug|Any CPU
		{EC497A51-C3E5-4CD6-A509-5502F034EC08}.Debug|x86.Build.0 = Debug|Any CPU
		{EC497A51-C3E5-4CD6-A509-5502F034EC08}.Release|Any CPU.ActiveCfg = Release|Any CPU
		{EC497A51-C3E5-4CD6-A509-5502F034EC08}.Release|Any CPU.Build.0 = Release|Any CPU
		{EC497A51-C3E5-4CD6-A509-5502F034EC08}.Release|x64.ActiveCfg = Release|Any CPU
		{EC497A51-C3E5-4CD6-A509-5502F034EC08}.Release|x64.Build.0 = Release|Any CPU
		{EC497A51-C3E5-4CD6-A509-5502F034EC08}.Release|x86.ActiveCfg = Release|Any CPU
		{EC497A51-C3E5-4CD6-A509-5502F034EC08}.Release|x86.Build.0 = Release|Any CPU
		{EDA84F53-F2FA-4834-BB30-5A33F6122710}.Debug|Any CPU.ActiveCfg = Debug|Any CPU
		{EDA84F53-F2FA-4834-BB30-5A33F6122710}.Debug|Any CPU.Build.0 = Debug|Any CPU
		{EDA84F53-F2FA-4834-BB30-5A33F6122710}.Debug|x64.ActiveCfg = Debug|Any CPU
		{EDA84F53-F2FA-4834-BB30-5A33F6122710}.Debug|x64.Build.0 = Debug|Any CPU
		{EDA84F53-F2FA-4834-BB30-5A33F6122710}.Debug|x86.ActiveCfg = Debug|Any CPU
		{EDA84F53-F2FA-4834-BB30-5A33F6122710}.Debug|x86.Build.0 = Debug|Any CPU
		{EDA84F53-F2FA-4834-BB30-5A33F6122710}.Release|Any CPU.ActiveCfg = Release|Any CPU
		{EDA84F53-F2FA-4834-BB30-5A33F6122710}.Release|Any CPU.Build.0 = Release|Any CPU
		{EDA84F53-F2FA-4834-BB30-5A33F6122710}.Release|x64.ActiveCfg = Release|Any CPU
		{EDA84F53-F2FA-4834-BB30-5A33F6122710}.Release|x64.Build.0 = Release|Any CPU
		{EDA84F53-F2FA-4834-BB30-5A33F6122710}.Release|x86.ActiveCfg = Release|Any CPU
		{EDA84F53-F2FA-4834-BB30-5A33F6122710}.Release|x86.Build.0 = Release|Any CPU
	EndGlobalSection
	GlobalSection(SolutionProperties) = preSolution
		HideSolutionNode = FALSE
	EndGlobalSection
	GlobalSection(ExtensibilityGlobals) = postSolution
		SolutionGuid = {6F417E83-70CF-428B-AD4F-C4AC121125CD}
	EndGlobalSection
EndGlobal
